
Microsoft Visual Studio Solution File, Format Version 12.00
# Visual Studio Version 17
VisualStudioVersion = 17.7.34031.279
MinimumVisualStudioVersion = 10.0.40219.1
Project("{2150E333-8FDC-42A3-9474-1A3956D46DE8}") = "CarService", "CarService", "{6971278E-F9BC-46E5-AF85-9B538C9F125E}"
EndProject
Project("{2150E333-8FDC-42A3-9474-1A3956D46DE8}") = "ClientService", "ClientService", "{B2E49071-43E4-40CD-B948-09B135595DDA}"
EndProject
Project("{2150E333-8FDC-42A3-9474-1A3956D46DE8}") = "PurchaseService", "PurchaseService", "{D3AB6426-8E12-44C9-8FC7-C38C70C5E72B}"
EndProject
Project("{2150E333-8FDC-42A3-9474-1A3956D46DE8}") = "SparePartsService", "SparePartsService", "{B4CE2220-95FC-4DC5-9223-4611995845C4}"
EndProject
Project("{9A19103F-16F7-4668-BE54-9A1E7A4F7556}") = "CarServiceDomain", "CarServiceDomain\CarServiceDomain.csproj", "{324463EC-2CCA-4F48-B425-3B3B24440454}"
EndProject
Project("{9A19103F-16F7-4668-BE54-9A1E7A4F7556}") = "CarServiceInfrastructure", "CarServiceInfrastructure\CarServiceInfrastructure.csproj", "{06917E9F-5D49-4293-9CAD-34BF6A6A52C7}"
EndProject
Project("{9A19103F-16F7-4668-BE54-9A1E7A4F7556}") = "ClientServiceAPI", "ClientServiceAPI\ClientServiceAPI.csproj", "{1E1B778E-9EA8-4619-A776-ADD3FED54A40}"
EndProject
Project("{9A19103F-16F7-4668-BE54-9A1E7A4F7556}") = "ClientServiceDomain", "ClientServiceDomain\ClientServiceDomain.csproj", "{F2992426-21A3-435E-ABC4-A7C7F3CBD24B}"
EndProject
Project("{9A19103F-16F7-4668-BE54-9A1E7A4F7556}") = "ClientServiceData", "ClientServiceData\ClientServiceData.csproj", "{6CE409CD-23E8-4DE0-BF6F-0C353DCB0492}"
EndProject
Project("{9A19103F-16F7-4668-BE54-9A1E7A4F7556}") = "ClientServiceInfrastructure", "ClientServiceInfrastructure\ClientServiceInfrastructure.csproj", "{EB580E44-B072-4B11-B7A2-3688FE978A10}"
EndProject
Project("{9A19103F-16F7-4668-BE54-9A1E7A4F7556}") = "PurchaseServiceAPI", "PurchaseServiceAPI\PurchaseServiceAPI.csproj", "{AF1A08A9-1E3F-41FA-82F2-DE143D0AE4C0}"
EndProject
Project("{9A19103F-16F7-4668-BE54-9A1E7A4F7556}") = "PurchaseServiceData", "PurchaseServiceData\PurchaseServiceData.csproj", "{4AD70EE5-BBD0-42D7-A593-72490BD3ACA8}"
EndProject
Project("{9A19103F-16F7-4668-BE54-9A1E7A4F7556}") = "PurchaseServiceDomain", "PurchaseServiceDomain\PurchaseServiceDomain.csproj", "{945C353D-3455-4B55-B90A-26BE3F84C7F9}"
EndProject
Project("{9A19103F-16F7-4668-BE54-9A1E7A4F7556}") = "PurchaseServiceInfrastructure", "PurchaseServiceInfrastructure\PurchaseServiceInfrastructure.csproj", "{4BF07899-CF3B-4B29-B70E-C870D8D64BBB}"
EndProject
Project("{9A19103F-16F7-4668-BE54-9A1E7A4F7556}") = "SparePartsServiceAPI", "SparePartsServiceAPI\SparePartsServiceAPI.csproj", "{C1327294-7985-45D9-85B0-846E19891CB5}"
EndProject
Project("{9A19103F-16F7-4668-BE54-9A1E7A4F7556}") = "SparePartsServiceDomain", "SparePartsServiceDomain\SparePartsServiceDomain.csproj", "{F10B2183-E8AB-44D0-A684-11679C5FB0B7}"
EndProject
Project("{9A19103F-16F7-4668-BE54-9A1E7A4F7556}") = "SparePartsServiceData", "SparePartsServiceData\SparePartsServiceData.csproj", "{F6549A95-EDE0-4321-A68F-1EFBBF67811D}"
EndProject
Project("{9A19103F-16F7-4668-BE54-9A1E7A4F7556}") = "SparePartsServiceInfrastructure", "SparePartsServiceInfrastructure\SparePartsServiceInfrastructure.csproj", "{A7DB9047-4E9F-4611-9DE2-73AA17FDC7B7}"
EndProject
Project("{2150E333-8FDC-42A3-9474-1A3956D46DE8}") = "UserService", "UserService", "{DF243D72-B861-4840-B1AD-B9CB5C72EA0F}"
EndProject
Project("{9A19103F-16F7-4668-BE54-9A1E7A4F7556}") = "UserServiceData", "UserServiceData\UserServiceData.csproj", "{DE67D601-8D7C-418C-9EA8-833C907471CF}"
EndProject
Project("{9A19103F-16F7-4668-BE54-9A1E7A4F7556}") = "UserServiceAPI", "UserServiceAPI\UserServiceAPI.csproj", "{F4B1C2FF-803D-433F-BFF2-64E89913A9E0}"
EndProject
Project("{9A19103F-16F7-4668-BE54-9A1E7A4F7556}") = "CarServiceData", "CarServiceData\CarServiceData.csproj", "{0E1FDFEA-4A80-4D3A-B988-6C845AB4F2CE}"
EndProject
Project("{9A19103F-16F7-4668-BE54-9A1E7A4F7556}") = "CarServiceAPI", "..\CarServiceAPI\CarServiceAPI.csproj", "{E92A1785-9A38-4932-8A67-B5103D4C2009}"
EndProject
Project("{2150E333-8FDC-42A3-9474-1A3956D46DE8}") = "AuthService", "AuthService", "{650379B6-1FB4-42C5-808E-B3617AB8A24D}"
EndProject
Project("{9A19103F-16F7-4668-BE54-9A1E7A4F7556}") = "CarServiceApplication", "..\CarServiceApplication\CarServiceApplication.csproj", "{4B6684EA-B51F-490D-BCAF-CF996B4786A6}"
EndProject
Project("{9A19103F-16F7-4668-BE54-9A1E7A4F7556}") = "ClientServiceApplication", "ClientServiceApplication\ClientServiceApplication.csproj", "{1DE96184-D186-410A-AF94-784EEDCF0D48}"
EndProject
Project("{FAE04EC0-301F-11D3-BF4B-00C04F79EFBC}") = "PurchaseApplication", "PurchaseApplication\PurchaseApplication.csproj", "{6AE11183-9C18-4591-8A57-E1B4985AB22C}"
EndProject
Project("{FAE04EC0-301F-11D3-BF4B-00C04F79EFBC}") = "SparePartServiceApplication", "SparePartServiceApplication\SparePartServiceApplication.csproj", "{99E04894-37A2-4238-94C4-09EB6B34EC59}"
EndProject
Global
	GlobalSection(SolutionConfigurationPlatforms) = preSolution
		Debug|Any CPU = Debug|Any CPU
		Release|Any CPU = Release|Any CPU
	EndGlobalSection
	GlobalSection(ProjectConfigurationPlatforms) = postSolution
		{324463EC-2CCA-4F48-B425-3B3B24440454}.Debug|Any CPU.ActiveCfg = Debug|Any CPU
		{324463EC-2CCA-4F48-B425-3B3B24440454}.Debug|Any CPU.Build.0 = Debug|Any CPU
		{324463EC-2CCA-4F48-B425-3B3B24440454}.Release|Any CPU.ActiveCfg = Release|Any CPU
		{324463EC-2CCA-4F48-B425-3B3B24440454}.Release|Any CPU.Build.0 = Release|Any CPU
		{06917E9F-5D49-4293-9CAD-34BF6A6A52C7}.Debug|Any CPU.ActiveCfg = Debug|Any CPU
		{06917E9F-5D49-4293-9CAD-34BF6A6A52C7}.Debug|Any CPU.Build.0 = Debug|Any CPU
		{06917E9F-5D49-4293-9CAD-34BF6A6A52C7}.Release|Any CPU.ActiveCfg = Release|Any CPU
		{06917E9F-5D49-4293-9CAD-34BF6A6A52C7}.Release|Any CPU.Build.0 = Release|Any CPU
		{1E1B778E-9EA8-4619-A776-ADD3FED54A40}.Debug|Any CPU.ActiveCfg = Debug|Any CPU
		{1E1B778E-9EA8-4619-A776-ADD3FED54A40}.Debug|Any CPU.Build.0 = Debug|Any CPU
		{1E1B778E-9EA8-4619-A776-ADD3FED54A40}.Release|Any CPU.ActiveCfg = Release|Any CPU
		{1E1B778E-9EA8-4619-A776-ADD3FED54A40}.Release|Any CPU.Build.0 = Release|Any CPU
		{F2992426-21A3-435E-ABC4-A7C7F3CBD24B}.Debug|Any CPU.ActiveCfg = Debug|Any CPU
		{F2992426-21A3-435E-ABC4-A7C7F3CBD24B}.Debug|Any CPU.Build.0 = Debug|Any CPU
		{F2992426-21A3-435E-ABC4-A7C7F3CBD24B}.Release|Any CPU.ActiveCfg = Release|Any CPU
		{F2992426-21A3-435E-ABC4-A7C7F3CBD24B}.Release|Any CPU.Build.0 = Release|Any CPU
		{6CE409CD-23E8-4DE0-BF6F-0C353DCB0492}.Debug|Any CPU.ActiveCfg = Debug|Any CPU
		{6CE409CD-23E8-4DE0-BF6F-0C353DCB0492}.Debug|Any CPU.Build.0 = Debug|Any CPU
		{6CE409CD-23E8-4DE0-BF6F-0C353DCB0492}.Release|Any CPU.ActiveCfg = Release|Any CPU
		{6CE409CD-23E8-4DE0-BF6F-0C353DCB0492}.Release|Any CPU.Build.0 = Release|Any CPU
		{EB580E44-B072-4B11-B7A2-3688FE978A10}.Debug|Any CPU.ActiveCfg = Debug|Any CPU
		{EB580E44-B072-4B11-B7A2-3688FE978A10}.Debug|Any CPU.Build.0 = Debug|Any CPU
		{EB580E44-B072-4B11-B7A2-3688FE978A10}.Release|Any CPU.ActiveCfg = Release|Any CPU
		{EB580E44-B072-4B11-B7A2-3688FE978A10}.Release|Any CPU.Build.0 = Release|Any CPU
		{AF1A08A9-1E3F-41FA-82F2-DE143D0AE4C0}.Debug|Any CPU.ActiveCfg = Debug|Any CPU
		{AF1A08A9-1E3F-41FA-82F2-DE143D0AE4C0}.Debug|Any CPU.Build.0 = Debug|Any CPU
		{AF1A08A9-1E3F-41FA-82F2-DE143D0AE4C0}.Release|Any CPU.ActiveCfg = Release|Any CPU
		{AF1A08A9-1E3F-41FA-82F2-DE143D0AE4C0}.Release|Any CPU.Build.0 = Release|Any CPU
		{4AD70EE5-BBD0-42D7-A593-72490BD3ACA8}.Debug|Any CPU.ActiveCfg = Debug|Any CPU
		{4AD70EE5-BBD0-42D7-A593-72490BD3ACA8}.Debug|Any CPU.Build.0 = Debug|Any CPU
		{4AD70EE5-BBD0-42D7-A593-72490BD3ACA8}.Release|Any CPU.ActiveCfg = Release|Any CPU
		{4AD70EE5-BBD0-42D7-A593-72490BD3ACA8}.Release|Any CPU.Build.0 = Release|Any CPU
		{945C353D-3455-4B55-B90A-26BE3F84C7F9}.Debug|Any CPU.ActiveCfg = Debug|Any CPU
		{945C353D-3455-4B55-B90A-26BE3F84C7F9}.Debug|Any CPU.Build.0 = Debug|Any CPU
		{945C353D-3455-4B55-B90A-26BE3F84C7F9}.Release|Any CPU.ActiveCfg = Release|Any CPU
		{945C353D-3455-4B55-B90A-26BE3F84C7F9}.Release|Any CPU.Build.0 = Release|Any CPU
		{4BF07899-CF3B-4B29-B70E-C870D8D64BBB}.Debug|Any CPU.ActiveCfg = Debug|Any CPU
		{4BF07899-CF3B-4B29-B70E-C870D8D64BBB}.Debug|Any CPU.Build.0 = Debug|Any CPU
		{4BF07899-CF3B-4B29-B70E-C870D8D64BBB}.Release|Any CPU.ActiveCfg = Release|Any CPU
		{4BF07899-CF3B-4B29-B70E-C870D8D64BBB}.Release|Any CPU.Build.0 = Release|Any CPU
		{C1327294-7985-45D9-85B0-846E19891CB5}.Debug|Any CPU.ActiveCfg = Debug|Any CPU
		{C1327294-7985-45D9-85B0-846E19891CB5}.Debug|Any CPU.Build.0 = Debug|Any CPU
		{C1327294-7985-45D9-85B0-846E19891CB5}.Release|Any CPU.ActiveCfg = Release|Any CPU
		{C1327294-7985-45D9-85B0-846E19891CB5}.Release|Any CPU.Build.0 = Release|Any CPU
		{F10B2183-E8AB-44D0-A684-11679C5FB0B7}.Debug|Any CPU.ActiveCfg = Debug|Any CPU
		{F10B2183-E8AB-44D0-A684-11679C5FB0B7}.Debug|Any CPU.Build.0 = Debug|Any CPU
		{F10B2183-E8AB-44D0-A684-11679C5FB0B7}.Release|Any CPU.ActiveCfg = Release|Any CPU
		{F10B2183-E8AB-44D0-A684-11679C5FB0B7}.Release|Any CPU.Build.0 = Release|Any CPU
		{F6549A95-EDE0-4321-A68F-1EFBBF67811D}.Debug|Any CPU.ActiveCfg = Debug|Any CPU
		{F6549A95-EDE0-4321-A68F-1EFBBF67811D}.Debug|Any CPU.Build.0 = Debug|Any CPU
		{F6549A95-EDE0-4321-A68F-1EFBBF67811D}.Release|Any CPU.ActiveCfg = Release|Any CPU
		{F6549A95-EDE0-4321-A68F-1EFBBF67811D}.Release|Any CPU.Build.0 = Release|Any CPU
		{A7DB9047-4E9F-4611-9DE2-73AA17FDC7B7}.Debug|Any CPU.ActiveCfg = Debug|Any CPU
		{A7DB9047-4E9F-4611-9DE2-73AA17FDC7B7}.Debug|Any CPU.Build.0 = Debug|Any CPU
		{A7DB9047-4E9F-4611-9DE2-73AA17FDC7B7}.Release|Any CPU.ActiveCfg = Release|Any CPU
		{A7DB9047-4E9F-4611-9DE2-73AA17FDC7B7}.Release|Any CPU.Build.0 = Release|Any CPU
		{DE67D601-8D7C-418C-9EA8-833C907471CF}.Debug|Any CPU.ActiveCfg = Debug|Any CPU
		{DE67D601-8D7C-418C-9EA8-833C907471CF}.Debug|Any CPU.Build.0 = Debug|Any CPU
		{DE67D601-8D7C-418C-9EA8-833C907471CF}.Release|Any CPU.ActiveCfg = Release|Any CPU
		{DE67D601-8D7C-418C-9EA8-833C907471CF}.Release|Any CPU.Build.0 = Release|Any CPU
		{F4B1C2FF-803D-433F-BFF2-64E89913A9E0}.Debug|Any CPU.ActiveCfg = Debug|Any CPU
		{F4B1C2FF-803D-433F-BFF2-64E89913A9E0}.Debug|Any CPU.Build.0 = Debug|Any CPU
		{F4B1C2FF-803D-433F-BFF2-64E89913A9E0}.Release|Any CPU.ActiveCfg = Release|Any CPU
		{F4B1C2FF-803D-433F-BFF2-64E89913A9E0}.Release|Any CPU.Build.0 = Release|Any CPU
		{0E1FDFEA-4A80-4D3A-B988-6C845AB4F2CE}.Debug|Any CPU.ActiveCfg = Debug|Any CPU
		{0E1FDFEA-4A80-4D3A-B988-6C845AB4F2CE}.Debug|Any CPU.Build.0 = Debug|Any CPU
		{0E1FDFEA-4A80-4D3A-B988-6C845AB4F2CE}.Release|Any CPU.ActiveCfg = Release|Any CPU
		{0E1FDFEA-4A80-4D3A-B988-6C845AB4F2CE}.Release|Any CPU.Build.0 = Release|Any CPU
		{E92A1785-9A38-4932-8A67-B5103D4C2009}.Debug|Any CPU.ActiveCfg = Debug|Any CPU
		{E92A1785-9A38-4932-8A67-B5103D4C2009}.Debug|Any CPU.Build.0 = Debug|Any CPU
		{E92A1785-9A38-4932-8A67-B5103D4C2009}.Release|Any CPU.ActiveCfg = Release|Any CPU
		{E92A1785-9A38-4932-8A67-B5103D4C2009}.Release|Any CPU.Build.0 = Release|Any CPU
		{4B6684EA-B51F-490D-BCAF-CF996B4786A6}.Debug|Any CPU.ActiveCfg = Debug|Any CPU
		{4B6684EA-B51F-490D-BCAF-CF996B4786A6}.Debug|Any CPU.Build.0 = Debug|Any CPU
		{4B6684EA-B51F-490D-BCAF-CF996B4786A6}.Release|Any CPU.ActiveCfg = Release|Any CPU
		{4B6684EA-B51F-490D-BCAF-CF996B4786A6}.Release|Any CPU.Build.0 = Release|Any CPU
		{1DE96184-D186-410A-AF94-784EEDCF0D48}.Debug|Any CPU.ActiveCfg = Debug|Any CPU
		{1DE96184-D186-410A-AF94-784EEDCF0D48}.Debug|Any CPU.Build.0 = Debug|Any CPU
		{1DE96184-D186-410A-AF94-784EEDCF0D48}.Release|Any CPU.ActiveCfg = Release|Any CPU
		{1DE96184-D186-410A-AF94-784EEDCF0D48}.Release|Any CPU.Build.0 = Release|Any CPU
		{6AE11183-9C18-4591-8A57-E1B4985AB22C}.Debug|Any CPU.ActiveCfg = Debug|Any CPU
		{6AE11183-9C18-4591-8A57-E1B4985AB22C}.Debug|Any CPU.Build.0 = Debug|Any CPU
		{6AE11183-9C18-4591-8A57-E1B4985AB22C}.Release|Any CPU.ActiveCfg = Release|Any CPU
		{6AE11183-9C18-4591-8A57-E1B4985AB22C}.Release|Any CPU.Build.0 = Release|Any CPU
		{99E04894-37A2-4238-94C4-09EB6B34EC59}.Debug|Any CPU.ActiveCfg = Debug|Any CPU
		{99E04894-37A2-4238-94C4-09EB6B34EC59}.Debug|Any CPU.Build.0 = Debug|Any CPU
		{99E04894-37A2-4238-94C4-09EB6B34EC59}.Release|Any CPU.ActiveCfg = Release|Any CPU
		{99E04894-37A2-4238-94C4-09EB6B34EC59}.Release|Any CPU.Build.0 = Release|Any CPU
	EndGlobalSection
	GlobalSection(SolutionProperties) = preSolution
		HideSolutionNode = FALSE
	EndGlobalSection
	GlobalSection(NestedProjects) = preSolution
		{324463EC-2CCA-4F48-B425-3B3B24440454} = {6971278E-F9BC-46E5-AF85-9B538C9F125E}
		{06917E9F-5D49-4293-9CAD-34BF6A6A52C7} = {6971278E-F9BC-46E5-AF85-9B538C9F125E}
		{1E1B778E-9EA8-4619-A776-ADD3FED54A40} = {B2E49071-43E4-40CD-B948-09B135595DDA}
		{F2992426-21A3-435E-ABC4-A7C7F3CBD24B} = {B2E49071-43E4-40CD-B948-09B135595DDA}
		{6CE409CD-23E8-4DE0-BF6F-0C353DCB0492} = {B2E49071-43E4-40CD-B948-09B135595DDA}
		{EB580E44-B072-4B11-B7A2-3688FE978A10} = {B2E49071-43E4-40CD-B948-09B135595DDA}
		{AF1A08A9-1E3F-41FA-82F2-DE143D0AE4C0} = {D3AB6426-8E12-44C9-8FC7-C38C70C5E72B}
		{4AD70EE5-BBD0-42D7-A593-72490BD3ACA8} = {D3AB6426-8E12-44C9-8FC7-C38C70C5E72B}
		{945C353D-3455-4B55-B90A-26BE3F84C7F9} = {D3AB6426-8E12-44C9-8FC7-C38C70C5E72B}
		{4BF07899-CF3B-4B29-B70E-C870D8D64BBB} = {D3AB6426-8E12-44C9-8FC7-C38C70C5E72B}
		{C1327294-7985-45D9-85B0-846E19891CB5} = {B4CE2220-95FC-4DC5-9223-4611995845C4}
		{F10B2183-E8AB-44D0-A684-11679C5FB0B7} = {B4CE2220-95FC-4DC5-9223-4611995845C4}
		{F6549A95-EDE0-4321-A68F-1EFBBF67811D} = {B4CE2220-95FC-4DC5-9223-4611995845C4}
		{A7DB9047-4E9F-4611-9DE2-73AA17FDC7B7} = {B4CE2220-95FC-4DC5-9223-4611995845C4}
		{DE67D601-8D7C-418C-9EA8-833C907471CF} = {DF243D72-B861-4840-B1AD-B9CB5C72EA0F}
		{F4B1C2FF-803D-433F-BFF2-64E89913A9E0} = {DF243D72-B861-4840-B1AD-B9CB5C72EA0F}
		{0E1FDFEA-4A80-4D3A-B988-6C845AB4F2CE} = {6971278E-F9BC-46E5-AF85-9B538C9F125E}
		{E92A1785-9A38-4932-8A67-B5103D4C2009} = {6971278E-F9BC-46E5-AF85-9B538C9F125E}
		{4B6684EA-B51F-490D-BCAF-CF996B4786A6} = {6971278E-F9BC-46E5-AF85-9B538C9F125E}
		{1DE96184-D186-410A-AF94-784EEDCF0D48} = {B2E49071-43E4-40CD-B948-09B135595DDA}
		{6AE11183-9C18-4591-8A57-E1B4985AB22C} = {D3AB6426-8E12-44C9-8FC7-C38C70C5E72B}
		{99E04894-37A2-4238-94C4-09EB6B34EC59} = {B4CE2220-95FC-4DC5-9223-4611995845C4}
	EndGlobalSection
	GlobalSection(ExtensibilityGlobals) = postSolution
		SolutionGuid = {ABAE896F-F9BC-4D57-8238-9ADD5584934E}
	EndGlobalSection
EndGlobal
